
Microsoft Visual Studio Solution File, Format Version 12.00
# Visual Studio Version 16
VisualStudioVersion = 16.0.810.8
MinimumVisualStudioVersion = 10.0.40219.1
Project("{FAE04EC0-301F-11D3-BF4B-00C04F79EFBC}") = "Lesson01", "Lesson01.csproj", "{F78A001B-074E-4A1A-963E-346306A5B667}"
EndProject
Global
	GlobalSection(SolutionConfigurationPlatforms) = preSolution
		Debug|Any CPU = Debug|Any CPU
		Release|Any CPU = Release|Any CPU
	EndGlobalSection
	GlobalSection(ProjectConfigurationPlatforms) = postSolution
		{F78A001B-074E-4A1A-963E-346306A5B667}.Debug|Any CPU.ActiveCfg = Debug|Any CPU
		{F78A001B-074E-4A1A-963E-346306A5B667}.Debug|Any CPU.Build.0 = Debug|Any CPU
		{F78A001B-074E-4A1A-963E-346306A5B667}.Release|Any CPU.ActiveCfg = Release|Any CPU
		{F78A001B-074E-4A1A-963E-346306A5B667}.Release|Any CPU.Build.0 = Release|Any CPU
	EndGlobalSection
	GlobalSection(SolutionProperties) = preSolution
		HideSolutionNode = FALSE
	EndGlobalSection
	GlobalSection(ExtensibilityGlobals) = postSolution
		SolutionGuid = {4F6A8E72-8BA9-4AD4-9E39-0BD6E63F3B1F}
	EndGlobalSection
EndGlobal
