
Microsoft Visual Studio Solution File, Format Version 12.00
# Visual Studio Version 16
VisualStudioVersion = 16.0.810.6
MinimumVisualStudioVersion = 10.0.40219.1
Project("{FAE04EC0-301F-11D3-BF4B-00C04F79EFBC}") = "Lesson08", "Lesson08.csproj", "{CFA61A27-FFD4-4844-9244-883E6396E4CA}"
EndProject
Global
	GlobalSection(SolutionConfigurationPlatforms) = preSolution
		Debug|Any CPU = Debug|Any CPU
		Release|Any CPU = Release|Any CPU
	EndGlobalSection
	GlobalSection(ProjectConfigurationPlatforms) = postSolution
		{CFA61A27-FFD4-4844-9244-883E6396E4CA}.Debug|Any CPU.ActiveCfg = Debug|Any CPU
		{CFA61A27-FFD4-4844-9244-883E6396E4CA}.Debug|Any CPU.Build.0 = Debug|Any CPU
		{CFA61A27-FFD4-4844-9244-883E6396E4CA}.Release|Any CPU.ActiveCfg = Release|Any CPU
		{CFA61A27-FFD4-4844-9244-883E6396E4CA}.Release|Any CPU.Build.0 = Release|Any CPU
	EndGlobalSection
	GlobalSection(SolutionProperties) = preSolution
		HideSolutionNode = FALSE
	EndGlobalSection
	GlobalSection(ExtensibilityGlobals) = postSolution
		SolutionGuid = {906CC96C-F0DE-4536-A2A9-04F487ECAC7E}
	EndGlobalSection
EndGlobal
