
Microsoft Visual Studio Solution File, Format Version 12.00
# Visual Studio Version 16
VisualStudioVersion = 16.0.30114.105
MinimumVisualStudioVersion = 10.0.40219.1
Project("{2150E333-8FDC-42A3-9474-1A3956D46DE8}") = "src", "src", "{E890FDFD-9C2E-4AE0-8B99-38B3D5138979}"
EndProject
Project("{2150E333-8FDC-42A3-9474-1A3956D46DE8}") = "Common", "Common", "{C7AE45C6-6B3D-460C-8883-3E5020C413FC}"
EndProject
Project("{FAE04EC0-301F-11D3-BF4B-00C04F79EFBC}") = "Domain", "src\Common\Domain\Domain.csproj", "{05D4413F-F430-4264-B4DF-B1F81E7ABDA2}"
EndProject
Project("{FAE04EC0-301F-11D3-BF4B-00C04F79EFBC}") = "Domain.Base", "src\Common\Domain.Base\Domain.Base.csproj", "{FE63116C-A3E7-45F3-86E9-67DC70B3F426}"
EndProject
Project("{2150E333-8FDC-42A3-9474-1A3956D46DE8}") = "Data", "Data", "{7E422C9E-574C-46E1-AE89-85D097B3D179}"
EndProject
Project("{FAE04EC0-301F-11D3-BF4B-00C04F79EFBC}") = "DAL", "src\Data\DAL\DAL.csproj", "{65E3D113-7F19-479D-826A-5C11CC8B29AC}"
EndProject
Project("{FAE04EC0-301F-11D3-BF4B-00C04F79EFBC}") = "DAL.Sqlite", "src\Data\DAL.Sqlite\DAL.Sqlite.csproj", "{483F3B35-8554-4D60-A163-C817AF672388}"
EndProject
Project("{2150E333-8FDC-42A3-9474-1A3956D46DE8}") = "Services", "Services", "{A4B0C456-6F5F-4A7A-A855-88658A5BF851}"
EndProject
Project("{FAE04EC0-301F-11D3-BF4B-00C04F79EFBC}") = "Interfaces", "src\Services\Interfaces\Interfaces.csproj", "{720B5F5E-C493-422D-A600-C4DC09283577}"
EndProject
Project("{FAE04EC0-301F-11D3-BF4B-00C04F79EFBC}") = "Interfaces.Base", "src\Services\Interfaces.Base\Interfaces.Base.csproj", "{3280FA04-E34E-4F85-935F-ABB8A8DA938B}"
EndProject
Project("{FAE04EC0-301F-11D3-BF4B-00C04F79EFBC}") = "Services", "src\Services\Services\Services.csproj", "{6E68A71B-5847-4A14-A7A8-6194C218635A}"
EndProject
Project("{2150E333-8FDC-42A3-9474-1A3956D46DE8}") = "UI", "UI", "{F47D798F-00BE-41B0-88F7-EB893C5202DE}"
EndProject
Project("{FAE04EC0-301F-11D3-BF4B-00C04F79EFBC}") = "MVC", "src\UI\MVC\MVC.csproj", "{6198C6AE-196A-4680-BD76-76717C37DA9A}"
EndProject
Global
	GlobalSection(SolutionConfigurationPlatforms) = preSolution
		Debug|Any CPU = Debug|Any CPU
		Release|Any CPU = Release|Any CPU
	EndGlobalSection
	GlobalSection(SolutionProperties) = preSolution
		HideSolutionNode = FALSE
	EndGlobalSection
	GlobalSection(ProjectConfigurationPlatforms) = postSolution
		{05D4413F-F430-4264-B4DF-B1F81E7ABDA2}.Debug|Any CPU.ActiveCfg = Debug|Any CPU
		{05D4413F-F430-4264-B4DF-B1F81E7ABDA2}.Debug|Any CPU.Build.0 = Debug|Any CPU
		{05D4413F-F430-4264-B4DF-B1F81E7ABDA2}.Release|Any CPU.ActiveCfg = Release|Any CPU
		{05D4413F-F430-4264-B4DF-B1F81E7ABDA2}.Release|Any CPU.Build.0 = Release|Any CPU
		{FE63116C-A3E7-45F3-86E9-67DC70B3F426}.Debug|Any CPU.ActiveCfg = Debug|Any CPU
		{FE63116C-A3E7-45F3-86E9-67DC70B3F426}.Debug|Any CPU.Build.0 = Debug|Any CPU
		{FE63116C-A3E7-45F3-86E9-67DC70B3F426}.Release|Any CPU.ActiveCfg = Release|Any CPU
		{FE63116C-A3E7-45F3-86E9-67DC70B3F426}.Release|Any CPU.Build.0 = Release|Any CPU
		{65E3D113-7F19-479D-826A-5C11CC8B29AC}.Debug|Any CPU.ActiveCfg = Debug|Any CPU
		{65E3D113-7F19-479D-826A-5C11CC8B29AC}.Debug|Any CPU.Build.0 = Debug|Any CPU
		{65E3D113-7F19-479D-826A-5C11CC8B29AC}.Release|Any CPU.ActiveCfg = Release|Any CPU
		{65E3D113-7F19-479D-826A-5C11CC8B29AC}.Release|Any CPU.Build.0 = Release|Any CPU
		{483F3B35-8554-4D60-A163-C817AF672388}.Debug|Any CPU.ActiveCfg = Debug|Any CPU
		{483F3B35-8554-4D60-A163-C817AF672388}.Debug|Any CPU.Build.0 = Debug|Any CPU
		{483F3B35-8554-4D60-A163-C817AF672388}.Release|Any CPU.ActiveCfg = Release|Any CPU
		{483F3B35-8554-4D60-A163-C817AF672388}.Release|Any CPU.Build.0 = Release|Any CPU
		{720B5F5E-C493-422D-A600-C4DC09283577}.Debug|Any CPU.ActiveCfg = Debug|Any CPU
		{720B5F5E-C493-422D-A600-C4DC09283577}.Debug|Any CPU.Build.0 = Debug|Any CPU
		{720B5F5E-C493-422D-A600-C4DC09283577}.Release|Any CPU.ActiveCfg = Release|Any CPU
		{720B5F5E-C493-422D-A600-C4DC09283577}.Release|Any CPU.Build.0 = Release|Any CPU
		{3280FA04-E34E-4F85-935F-ABB8A8DA938B}.Debug|Any CPU.ActiveCfg = Debug|Any CPU
		{3280FA04-E34E-4F85-935F-ABB8A8DA938B}.Debug|Any CPU.Build.0 = Debug|Any CPU
		{3280FA04-E34E-4F85-935F-ABB8A8DA938B}.Release|Any CPU.ActiveCfg = Release|Any CPU
		{3280FA04-E34E-4F85-935F-ABB8A8DA938B}.Release|Any CPU.Build.0 = Release|Any CPU
		{6E68A71B-5847-4A14-A7A8-6194C218635A}.Debug|Any CPU.ActiveCfg = Debug|Any CPU
		{6E68A71B-5847-4A14-A7A8-6194C218635A}.Debug|Any CPU.Build.0 = Debug|Any CPU
		{6E68A71B-5847-4A14-A7A8-6194C218635A}.Release|Any CPU.ActiveCfg = Release|Any CPU
		{6E68A71B-5847-4A14-A7A8-6194C218635A}.Release|Any CPU.Build.0 = Release|Any CPU
		{6198C6AE-196A-4680-BD76-76717C37DA9A}.Debug|Any CPU.ActiveCfg = Debug|Any CPU
		{6198C6AE-196A-4680-BD76-76717C37DA9A}.Debug|Any CPU.Build.0 = Debug|Any CPU
		{6198C6AE-196A-4680-BD76-76717C37DA9A}.Release|Any CPU.ActiveCfg = Release|Any CPU
		{6198C6AE-196A-4680-BD76-76717C37DA9A}.Release|Any CPU.Build.0 = Release|Any CPU
	EndGlobalSection
	GlobalSection(NestedProjects) = preSolution
		{C7AE45C6-6B3D-460C-8883-3E5020C413FC} = {E890FDFD-9C2E-4AE0-8B99-38B3D5138979}
		{05D4413F-F430-4264-B4DF-B1F81E7ABDA2} = {C7AE45C6-6B3D-460C-8883-3E5020C413FC}
		{FE63116C-A3E7-45F3-86E9-67DC70B3F426} = {C7AE45C6-6B3D-460C-8883-3E5020C413FC}
		{7E422C9E-574C-46E1-AE89-85D097B3D179} = {E890FDFD-9C2E-4AE0-8B99-38B3D5138979}
		{65E3D113-7F19-479D-826A-5C11CC8B29AC} = {7E422C9E-574C-46E1-AE89-85D097B3D179}
		{483F3B35-8554-4D60-A163-C817AF672388} = {7E422C9E-574C-46E1-AE89-85D097B3D179}
		{A4B0C456-6F5F-4A7A-A855-88658A5BF851} = {E890FDFD-9C2E-4AE0-8B99-38B3D5138979}
		{720B5F5E-C493-422D-A600-C4DC09283577} = {A4B0C456-6F5F-4A7A-A855-88658A5BF851}
		{3280FA04-E34E-4F85-935F-ABB8A8DA938B} = {A4B0C456-6F5F-4A7A-A855-88658A5BF851}
		{6E68A71B-5847-4A14-A7A8-6194C218635A} = {A4B0C456-6F5F-4A7A-A855-88658A5BF851}
		{F47D798F-00BE-41B0-88F7-EB893C5202DE} = {E890FDFD-9C2E-4AE0-8B99-38B3D5138979}
		{6198C6AE-196A-4680-BD76-76717C37DA9A} = {F47D798F-00BE-41B0-88F7-EB893C5202DE}
	EndGlobalSection
EndGlobal
