
Microsoft Visual Studio Solution File, Format Version 12.00
# Visual Studio Version 16
VisualStudioVersion = 16.0.810.8
MinimumVisualStudioVersion = 10.0.40219.1
Project("{9A19103F-16F7-4668-BE54-9A1E7A4F7556}") = "MetricsManager", "MetricsManager\MetricsManager.csproj", "{8B894D9D-FB45-4D4C-8244-879DFEAEF734}"
EndProject
Project("{9A19103F-16F7-4668-BE54-9A1E7A4F7556}") = "MetricsManagerTests", "MetricsManagerTests\MetricsManagerTests.csproj", "{D3D4DF19-02C7-498D-A1F6-D1D445E59764}"
EndProject
Project("{9A19103F-16F7-4668-BE54-9A1E7A4F7556}") = "MetricsAgent", "MetricsAgent\MetricsAgent.csproj", "{E3B75DD9-556B-4444-86C2-6C9D58F45FDF}"
EndProject
Project("{9A19103F-16F7-4668-BE54-9A1E7A4F7556}") = "MetricsAgentTests", "MetricsAgentTests\MetricsAgentTests.csproj", "{C87D61DF-9065-497B-B11B-0BC827C069FE}"
EndProject
Project("{9A19103F-16F7-4668-BE54-9A1E7A4F7556}") = "MetricsAgent.DB", "MetricsAgent.DB\MetricsAgent.DB.csproj", "{B9D896EB-6334-42D8-B9E3-EDE452690C2F}"
EndProject
Project("{9A19103F-16F7-4668-BE54-9A1E7A4F7556}") = "MetricsAgent.PerfSerivce", "MetricsAgent.PerfSerivce\MetricsAgent.PerfSerivce.csproj", "{BC4837F2-E780-490D-B25F-FC59702223EA}"
EndProject
Project("{FAE04EC0-301F-11D3-BF4B-00C04F79EFBC}") = "MetricsManager.DB", "MetricsManager.DB\MetricsManager.DB.csproj", "{4F70C935-6695-4FC4-BD0B-F3AD857B9D8D}"
EndProject
Project("{FAE04EC0-301F-11D3-BF4B-00C04F79EFBC}") = "MetricsManager.Entities", "MetricsManager.Entities\MetricsManager.Entities.csproj", "{D34FEA03-3B75-47EE-A36E-4B23A4952C58}"
EndProject
Project("{FAE04EC0-301F-11D3-BF4B-00C04F79EFBC}") = "MetricsManager.Services", "MetricsManager.Services\MetricsManager.Services.csproj", "{78DA91D9-BC35-4DC9-A6D9-D8755C2C4D96}"
EndProject
Global
	GlobalSection(SolutionConfigurationPlatforms) = preSolution
		Debug|Any CPU = Debug|Any CPU
		Release|Any CPU = Release|Any CPU
	EndGlobalSection
	GlobalSection(ProjectConfigurationPlatforms) = postSolution
		{8B894D9D-FB45-4D4C-8244-879DFEAEF734}.Debug|Any CPU.ActiveCfg = Debug|Any CPU
		{8B894D9D-FB45-4D4C-8244-879DFEAEF734}.Debug|Any CPU.Build.0 = Debug|Any CPU
		{8B894D9D-FB45-4D4C-8244-879DFEAEF734}.Release|Any CPU.ActiveCfg = Release|Any CPU
		{8B894D9D-FB45-4D4C-8244-879DFEAEF734}.Release|Any CPU.Build.0 = Release|Any CPU
		{D3D4DF19-02C7-498D-A1F6-D1D445E59764}.Debug|Any CPU.ActiveCfg = Debug|Any CPU
		{D3D4DF19-02C7-498D-A1F6-D1D445E59764}.Debug|Any CPU.Build.0 = Debug|Any CPU
		{D3D4DF19-02C7-498D-A1F6-D1D445E59764}.Release|Any CPU.ActiveCfg = Release|Any CPU
		{D3D4DF19-02C7-498D-A1F6-D1D445E59764}.Release|Any CPU.Build.0 = Release|Any CPU
		{E3B75DD9-556B-4444-86C2-6C9D58F45FDF}.Debug|Any CPU.ActiveCfg = Debug|Any CPU
		{E3B75DD9-556B-4444-86C2-6C9D58F45FDF}.Debug|Any CPU.Build.0 = Debug|Any CPU
		{E3B75DD9-556B-4444-86C2-6C9D58F45FDF}.Release|Any CPU.ActiveCfg = Release|Any CPU
		{E3B75DD9-556B-4444-86C2-6C9D58F45FDF}.Release|Any CPU.Build.0 = Release|Any CPU
		{C87D61DF-9065-497B-B11B-0BC827C069FE}.Debug|Any CPU.ActiveCfg = Debug|Any CPU
		{C87D61DF-9065-497B-B11B-0BC827C069FE}.Debug|Any CPU.Build.0 = Debug|Any CPU
		{C87D61DF-9065-497B-B11B-0BC827C069FE}.Release|Any CPU.ActiveCfg = Release|Any CPU
		{C87D61DF-9065-497B-B11B-0BC827C069FE}.Release|Any CPU.Build.0 = Release|Any CPU
		{B9D896EB-6334-42D8-B9E3-EDE452690C2F}.Debug|Any CPU.ActiveCfg = Debug|Any CPU
		{B9D896EB-6334-42D8-B9E3-EDE452690C2F}.Debug|Any CPU.Build.0 = Debug|Any CPU
		{B9D896EB-6334-42D8-B9E3-EDE452690C2F}.Release|Any CPU.ActiveCfg = Release|Any CPU
		{B9D896EB-6334-42D8-B9E3-EDE452690C2F}.Release|Any CPU.Build.0 = Release|Any CPU
		{BC4837F2-E780-490D-B25F-FC59702223EA}.Debug|Any CPU.ActiveCfg = Debug|Any CPU
		{BC4837F2-E780-490D-B25F-FC59702223EA}.Debug|Any CPU.Build.0 = Debug|Any CPU
		{BC4837F2-E780-490D-B25F-FC59702223EA}.Release|Any CPU.ActiveCfg = Release|Any CPU
		{BC4837F2-E780-490D-B25F-FC59702223EA}.Release|Any CPU.Build.0 = Release|Any CPU
		{4F70C935-6695-4FC4-BD0B-F3AD857B9D8D}.Debug|Any CPU.ActiveCfg = Debug|Any CPU
		{4F70C935-6695-4FC4-BD0B-F3AD857B9D8D}.Debug|Any CPU.Build.0 = Debug|Any CPU
		{4F70C935-6695-4FC4-BD0B-F3AD857B9D8D}.Release|Any CPU.ActiveCfg = Release|Any CPU
		{4F70C935-6695-4FC4-BD0B-F3AD857B9D8D}.Release|Any CPU.Build.0 = Release|Any CPU
		{D34FEA03-3B75-47EE-A36E-4B23A4952C58}.Debug|Any CPU.ActiveCfg = Debug|Any CPU
		{D34FEA03-3B75-47EE-A36E-4B23A4952C58}.Debug|Any CPU.Build.0 = Debug|Any CPU
		{D34FEA03-3B75-47EE-A36E-4B23A4952C58}.Release|Any CPU.ActiveCfg = Release|Any CPU
		{D34FEA03-3B75-47EE-A36E-4B23A4952C58}.Release|Any CPU.Build.0 = Release|Any CPU
		{78DA91D9-BC35-4DC9-A6D9-D8755C2C4D96}.Debug|Any CPU.ActiveCfg = Debug|Any CPU
		{78DA91D9-BC35-4DC9-A6D9-D8755C2C4D96}.Debug|Any CPU.Build.0 = Debug|Any CPU
		{78DA91D9-BC35-4DC9-A6D9-D8755C2C4D96}.Release|Any CPU.ActiveCfg = Release|Any CPU
		{78DA91D9-BC35-4DC9-A6D9-D8755C2C4D96}.Release|Any CPU.Build.0 = Release|Any CPU
	EndGlobalSection
	GlobalSection(SolutionProperties) = preSolution
		HideSolutionNode = FALSE
	EndGlobalSection
	GlobalSection(ExtensibilityGlobals) = postSolution
		SolutionGuid = {54609A89-78CD-4830-82F9-28D4850490B5}
	EndGlobalSection
EndGlobal
