
Microsoft Visual Studio Solution File, Format Version 12.00
# Visual Studio Version 16
VisualStudioVersion = 16.0.810.17
MinimumVisualStudioVersion = 10.0.40219.1
Project("{FAE04EC0-301F-11D3-BF4B-00C04F79EFBC}") = "AsyncGrabber", "AsyncGrabber\AsyncGrabber.csproj", "{A672A074-F677-447E-98F1-8D466A0E9F1C}"
EndProject
Global
	GlobalSection(SolutionConfigurationPlatforms) = preSolution
		Debug|Any CPU = Debug|Any CPU
		Release|Any CPU = Release|Any CPU
	EndGlobalSection
	GlobalSection(ProjectConfigurationPlatforms) = postSolution
		{A672A074-F677-447E-98F1-8D466A0E9F1C}.Debug|Any CPU.ActiveCfg = Debug|Any CPU
		{A672A074-F677-447E-98F1-8D466A0E9F1C}.Debug|Any CPU.Build.0 = Debug|Any CPU
		{A672A074-F677-447E-98F1-8D466A0E9F1C}.Release|Any CPU.ActiveCfg = Release|Any CPU
		{A672A074-F677-447E-98F1-8D466A0E9F1C}.Release|Any CPU.Build.0 = Release|Any CPU
	EndGlobalSection
	GlobalSection(SolutionProperties) = preSolution
		HideSolutionNode = FALSE
	EndGlobalSection
	GlobalSection(ExtensibilityGlobals) = postSolution
		SolutionGuid = {96C25633-9874-42E9-94E3-DD1D6F339067}
	EndGlobalSection
EndGlobal
