
Microsoft Visual Studio Solution File, Format Version 12.00
# Visual Studio Version 16
VisualStudioVersion = 16.0.810.5
MinimumVisualStudioVersion = 10.0.40219.1
Project("{FAE04EC0-301F-11D3-BF4B-00C04F79EFBC}") = "Lesson04", "Lesson04.csproj", "{07AF2F69-8176-4317-867E-266CAAB1D7FE}"
EndProject
Global
	GlobalSection(SolutionConfigurationPlatforms) = preSolution
		Debug|Any CPU = Debug|Any CPU
		Release|Any CPU = Release|Any CPU
	EndGlobalSection
	GlobalSection(ProjectConfigurationPlatforms) = postSolution
		{07AF2F69-8176-4317-867E-266CAAB1D7FE}.Debug|Any CPU.ActiveCfg = Debug|Any CPU
		{07AF2F69-8176-4317-867E-266CAAB1D7FE}.Debug|Any CPU.Build.0 = Debug|Any CPU
		{07AF2F69-8176-4317-867E-266CAAB1D7FE}.Release|Any CPU.ActiveCfg = Release|Any CPU
		{07AF2F69-8176-4317-867E-266CAAB1D7FE}.Release|Any CPU.Build.0 = Release|Any CPU
	EndGlobalSection
	GlobalSection(SolutionProperties) = preSolution
		HideSolutionNode = FALSE
	EndGlobalSection
	GlobalSection(ExtensibilityGlobals) = postSolution
		SolutionGuid = {6BF42DC6-C40D-4284-A803-BCB077E91C8F}
	EndGlobalSection
EndGlobal
