
Microsoft Visual Studio Solution File, Format Version 12.00
# Visual Studio Version 16
VisualStudioVersion = 16.0.810.14
MinimumVisualStudioVersion = 10.0.40219.1
Project("{FAE04EC0-301F-11D3-BF4B-00C04F79EFBC}") = "ConsoleApp", "ConsoleApp\ConsoleApp.csproj", "{9E3B1087-37DA-418B-BFA4-EC5CA0F997A4}"
EndProject
Project("{FAE04EC0-301F-11D3-BF4B-00C04F79EFBC}") = "CoderLib", "CoderLib\CoderLib.csproj", "{87E7D6C8-E64B-4A8A-B7A4-C5E264834792}"
EndProject
Project("{FAE04EC0-301F-11D3-BF4B-00C04F79EFBC}") = "FiguresLib", "FiguresLib\FiguresLib.csproj", "{4B2811F5-29E1-4170-9E18-800698CBE663}"
EndProject
Project("{FAE04EC0-301F-11D3-BF4B-00C04F79EFBC}") = "CoderLibTest", "CoderLibTest\CoderLibTest.csproj", "{1BE087FB-C492-42B0-8257-5EF1B7403FF2}"
EndProject
Global
	GlobalSection(SolutionConfigurationPlatforms) = preSolution
		Debug|Any CPU = Debug|Any CPU
		Release|Any CPU = Release|Any CPU
	EndGlobalSection
	GlobalSection(ProjectConfigurationPlatforms) = postSolution
		{9E3B1087-37DA-418B-BFA4-EC5CA0F997A4}.Debug|Any CPU.ActiveCfg = Debug|Any CPU
		{9E3B1087-37DA-418B-BFA4-EC5CA0F997A4}.Debug|Any CPU.Build.0 = Debug|Any CPU
		{9E3B1087-37DA-418B-BFA4-EC5CA0F997A4}.Release|Any CPU.ActiveCfg = Release|Any CPU
		{9E3B1087-37DA-418B-BFA4-EC5CA0F997A4}.Release|Any CPU.Build.0 = Release|Any CPU
		{87E7D6C8-E64B-4A8A-B7A4-C5E264834792}.Debug|Any CPU.ActiveCfg = Debug|Any CPU
		{87E7D6C8-E64B-4A8A-B7A4-C5E264834792}.Debug|Any CPU.Build.0 = Debug|Any CPU
		{87E7D6C8-E64B-4A8A-B7A4-C5E264834792}.Release|Any CPU.ActiveCfg = Release|Any CPU
		{87E7D6C8-E64B-4A8A-B7A4-C5E264834792}.Release|Any CPU.Build.0 = Release|Any CPU
		{4B2811F5-29E1-4170-9E18-800698CBE663}.Debug|Any CPU.ActiveCfg = Debug|Any CPU
		{4B2811F5-29E1-4170-9E18-800698CBE663}.Debug|Any CPU.Build.0 = Debug|Any CPU
		{4B2811F5-29E1-4170-9E18-800698CBE663}.Release|Any CPU.ActiveCfg = Release|Any CPU
		{4B2811F5-29E1-4170-9E18-800698CBE663}.Release|Any CPU.Build.0 = Release|Any CPU
		{1BE087FB-C492-42B0-8257-5EF1B7403FF2}.Debug|Any CPU.ActiveCfg = Debug|Any CPU
		{1BE087FB-C492-42B0-8257-5EF1B7403FF2}.Debug|Any CPU.Build.0 = Debug|Any CPU
		{1BE087FB-C492-42B0-8257-5EF1B7403FF2}.Release|Any CPU.ActiveCfg = Release|Any CPU
		{1BE087FB-C492-42B0-8257-5EF1B7403FF2}.Release|Any CPU.Build.0 = Release|Any CPU
	EndGlobalSection
	GlobalSection(SolutionProperties) = preSolution
		HideSolutionNode = FALSE
	EndGlobalSection
	GlobalSection(ExtensibilityGlobals) = postSolution
		SolutionGuid = {6215EE38-36D0-443B-A9AF-CAF2F2FC5E75}
	EndGlobalSection
EndGlobal
